
Microsoft Visual Studio Solution File, Format Version 12.00
# Visual Studio 15
VisualStudioVersion = 15.0.28306.52
MinimumVisualStudioVersion = 10.0.40219.1
Project("{FAE04EC0-301F-11D3-BF4B-00C04F79EFBC}") = "dotnet-cqsgen", "dotnet-cqsgen\dotnet-cqsgen.csproj", "{83AA56FC-B98C-4FAC-9B5F-1B5067E9E715}"
EndProject
Global
	GlobalSection(SolutionConfigurationPlatforms) = preSolution
		Debug|Any CPU = Debug|Any CPU
		Release|Any CPU = Release|Any CPU
	EndGlobalSection
	GlobalSection(ProjectConfigurationPlatforms) = postSolution
		{83AA56FC-B98C-4FAC-9B5F-1B5067E9E715}.Debug|Any CPU.ActiveCfg = Debug|Any CPU
		{83AA56FC-B98C-4FAC-9B5F-1B5067E9E715}.Debug|Any CPU.Build.0 = Debug|Any CPU
		{83AA56FC-B98C-4FAC-9B5F-1B5067E9E715}.Release|Any CPU.ActiveCfg = Release|Any CPU
		{83AA56FC-B98C-4FAC-9B5F-1B5067E9E715}.Release|Any CPU.Build.0 = Release|Any CPU
	EndGlobalSection
	GlobalSection(SolutionProperties) = preSolution
		HideSolutionNode = FALSE
	EndGlobalSection
	GlobalSection(ExtensibilityGlobals) = postSolution
		SolutionGuid = {FDE1A319-1031-4B65-9CFD-3F238F9C69C8}
	EndGlobalSection
EndGlobal
